
Microsoft Visual Studio Solution File, Format Version 12.00
# Visual Studio Version 17
VisualStudioVersion = 17.1.32407.343
MinimumVisualStudioVersion = 10.0.40219.1
Project("{FAE04EC0-301F-11D3-BF4B-00C04F79EFBC}") = "HomeWork_Structures", "HomeWork_Structures\HomeWork_Structures.csproj", "{1579905C-B3C8-4E1A-A0AD-352F50714896}"
EndProject
Global
	GlobalSection(SolutionConfigurationPlatforms) = preSolution
		Debug|Any CPU = Debug|Any CPU
		Release|Any CPU = Release|Any CPU
	EndGlobalSection
	GlobalSection(ProjectConfigurationPlatforms) = postSolution
		{1579905C-B3C8-4E1A-A0AD-352F50714896}.Debug|Any CPU.ActiveCfg = Debug|Any CPU
		{1579905C-B3C8-4E1A-A0AD-352F50714896}.Debug|Any CPU.Build.0 = Debug|Any CPU
		{1579905C-B3C8-4E1A-A0AD-352F50714896}.Release|Any CPU.ActiveCfg = Release|Any CPU
		{1579905C-B3C8-4E1A-A0AD-352F50714896}.Release|Any CPU.Build.0 = Release|Any CPU
	EndGlobalSection
	GlobalSection(SolutionProperties) = preSolution
		HideSolutionNode = FALSE
	EndGlobalSection
	GlobalSection(ExtensibilityGlobals) = postSolution
		SolutionGuid = {785E5C4B-D575-4E6C-88B8-B28BFD61F638}
	EndGlobalSection
EndGlobal
